// !$*UTF8*$!
{
	archiveVersion = 1;
	classes = {
	};
	objectVersion = 46;
	objects = {

/* Begin PBXBuildFile section */
		87B500381F676C310055FC47 /* AppDelegate.swift in Sources */ = {isa = PBXBuildFile; fileRef = 87B500371F676C310055FC47 /* AppDelegate.swift */; };
		87B5003A1F676C310055FC47 /* GameScene.sks in Resources */ = {isa = PBXBuildFile; fileRef = 87B500391F676C310055FC47 /* GameScene.sks */; };
		87B5003C1F676C310055FC47 /* Actions.sks in Resources */ = {isa = PBXBuildFile; fileRef = 87B5003B1F676C310055FC47 /* Actions.sks */; };
		87B5003E1F676C310055FC47 /* GameScene.swift in Sources */ = {isa = PBXBuildFile; fileRef = 87B5003D1F676C310055FC47 /* GameScene.swift */; };
		87B500401F676C310055FC47 /* GameViewController.swift in Sources */ = {isa = PBXBuildFile; fileRef = 87B5003F1F676C310055FC47 /* GameViewController.swift */; };
		87B500431F676C310055FC47 /* Main.storyboard in Resources */ = {isa = PBXBuildFile; fileRef = 87B500411F676C310055FC47 /* Main.storyboard */; };
		87B500451F676C310055FC47 /* Assets.xcassets in Resources */ = {isa = PBXBuildFile; fileRef = 87B500441F676C310055FC47 /* Assets.xcassets */; };
		87B500481F676C310055FC47 /* LaunchScreen.storyboard in Resources */ = {isa = PBXBuildFile; fileRef = 87B500461F676C310055FC47 /* LaunchScreen.storyboard */; };
		87B500531F676C310055FC47 /* SineTests.swift in Sources */ = {isa = PBXBuildFile; fileRef = 87B500521F676C310055FC47 /* SineTests.swift */; };
		87B5005E1F676C310055FC47 /* SineUITests.swift in Sources */ = {isa = PBXBuildFile; fileRef = 87B5005D1F676C310055FC47 /* SineUITests.swift */; };
/* End PBXBuildFile section */

/* Begin PBXContainerItemProxy section */
		87B5004F1F676C310055FC47 /* PBXContainerItemProxy */ = {
			isa = PBXContainerItemProxy;
			containerPortal = 87B5002C1F676C310055FC47 /* Project object */;
			proxyType = 1;
			remoteGlobalIDString = 87B500331F676C310055FC47;
			remoteInfo = Sine;
		};
		87B5005A1F676C310055FC47 /* PBXContainerItemProxy */ = {
			isa = PBXContainerItemProxy;
			containerPortal = 87B5002C1F676C310055FC47 /* Project object */;
			proxyType = 1;
			remoteGlobalIDString = 87B500331F676C310055FC47;
			remoteInfo = Sine;
		};
/* End PBXContainerItemProxy section */

/* Begin PBXFileReference section */
		87B500341F676C310055FC47 /* Sine.app */ = {isa = PBXFileReference; explicitFileType = wrapper.application; includeInIndex = 0; path = Sine.app; sourceTree = BUILT_PRODUCTS_DIR; };
		87B500371F676C310055FC47 /* AppDelegate.swift */ = {isa = PBXFileReference; lastKnownFileType = sourcecode.swift; path = AppDelegate.swift; sourceTree = "<group>"; };
		87B500391F676C310055FC47 /* GameScene.sks */ = {isa = PBXFileReference; lastKnownFileType = file.sks; path = GameScene.sks; sourceTree = "<group>"; };
		87B5003B1F676C310055FC47 /* Actions.sks */ = {isa = PBXFileReference; lastKnownFileType = file.sks; path = Actions.sks; sourceTree = "<group>"; };
		87B5003D1F676C310055FC47 /* GameScene.swift */ = {isa = PBXFileReference; lastKnownFileType = sourcecode.swift; path = GameScene.swift; sourceTree = "<group>"; };
		87B5003F1F676C310055FC47 /* GameViewController.swift */ = {isa = PBXFileReference; lastKnownFileType = sourcecode.swift; path = GameViewController.swift; sourceTree = "<group>"; };
		87B500421F676C310055FC47 /* Base */ = {isa = PBXFileReference; lastKnownFileType = file.storyboard; name = Base; path = Base.lproj/Main.storyboard; sourceTree = "<group>"; };
		87B500441F676C310055FC47 /* Assets.xcassets */ = {isa = PBXFileReference; lastKnownFileType = folder.assetcatalog; path = Assets.xcassets; sourceTree = "<group>"; };
		87B500471F676C310055FC47 /* Base */ = {isa = PBXFileReference; lastKnownFileType = file.storyboard; name = Base; path = Base.lproj/LaunchScreen.storyboard; sourceTree = "<group>"; };
		87B500491F676C310055FC47 /* Info.plist */ = {isa = PBXFileReference; lastKnownFileType = text.plist.xml; path = Info.plist; sourceTree = "<group>"; };
		87B5004E1F676C310055FC47 /* SineTests.xctest */ = {isa = PBXFileReference; explicitFileType = wrapper.cfbundle; includeInIndex = 0; path = SineTests.xctest; sourceTree = BUILT_PRODUCTS_DIR; };
		87B500521F676C310055FC47 /* SineTests.swift */ = {isa = PBXFileReference; lastKnownFileType = sourcecode.swift; path = SineTests.swift; sourceTree = "<group>"; };
		87B500541F676C310055FC47 /* Info.plist */ = {isa = PBXFileReference; lastKnownFileType = text.plist.xml; path = Info.plist; sourceTree = "<group>"; };
		87B500591F676C310055FC47 /* SineUITests.xctest */ = {isa = PBXFileReference; explicitFileType = wrapper.cfbundle; includeInIndex = 0; path = SineUITests.xctest; sourceTree = BUILT_PRODUCTS_DIR; };
		87B5005D1F676C310055FC47 /* SineUITests.swift */ = {isa = PBXFileReference; lastKnownFileType = sourcecode.swift; path = SineUITests.swift; sourceTree = "<group>"; };
		87B5005F1F676C310055FC47 /* Info.plist */ = {isa = PBXFileReference; lastKnownFileType = text.plist.xml; path = Info.plist; sourceTree = "<group>"; };
/* End PBXFileReference section */

/* Begin PBXFrameworksBuildPhase section */
		87B500311F676C310055FC47 /* Frameworks */ = {
			isa = PBXFrameworksBuildPhase;
			buildActionMask = 2147483647;
			files = (
			);
			runOnlyForDeploymentPostprocessing = 0;
		};
		87B5004B1F676C310055FC47 /* Frameworks */ = {
			isa = PBXFrameworksBuildPhase;
			buildActionMask = 2147483647;
			files = (
			);
			runOnlyForDeploymentPostprocessing = 0;
		};
		87B500561F676C310055FC47 /* Frameworks */ = {
			isa = PBXFrameworksBuildPhase;
			buildActionMask = 2147483647;
			files = (
			);
			runOnlyForDeploymentPostprocessing = 0;
		};
/* End PBXFrameworksBuildPhase section */

/* Begin PBXGroup section */
		87B5002B1F676C310055FC47 = {
			isa = PBXGroup;
			children = (
				87B500361F676C310055FC47 /* Sine */,
				87B500511F676C310055FC47 /* SineTests */,
				87B5005C1F676C310055FC47 /* SineUITests */,
				87B500351F676C310055FC47 /* Products */,
			);
			sourceTree = "<group>";
		};
		87B500351F676C310055FC47 /* Products */ = {
			isa = PBXGroup;
			children = (
				87B500341F676C310055FC47 /* Sine.app */,
				87B5004E1F676C310055FC47 /* SineTests.xctest */,
				87B500591F676C310055FC47 /* SineUITests.xctest */,
			);
			name = Products;
			sourceTree = "<group>";
		};
		87B500361F676C310055FC47 /* Sine */ = {
			isa = PBXGroup;
			children = (
				87B500371F676C310055FC47 /* AppDelegate.swift */,
				87B500391F676C310055FC47 /* GameScene.sks */,
				87B5003B1F676C310055FC47 /* Actions.sks */,
				87B5003D1F676C310055FC47 /* GameScene.swift */,
				87B5003F1F676C310055FC47 /* GameViewController.swift */,
				87B500411F676C310055FC47 /* Main.storyboard */,
				87B500441F676C310055FC47 /* Assets.xcassets */,
				87B500461F676C310055FC47 /* LaunchScreen.storyboard */,
				87B500491F676C310055FC47 /* Info.plist */,
			);
			path = Sine;
			sourceTree = "<group>";
		};
		87B500511F676C310055FC47 /* SineTests */ = {
			isa = PBXGroup;
			children = (
				87B500521F676C310055FC47 /* SineTests.swift */,
				87B500541F676C310055FC47 /* Info.plist */,
			);
			path = SineTests;
			sourceTree = "<group>";
		};
		87B5005C1F676C310055FC47 /* SineUITests */ = {
			isa = PBXGroup;
			children = (
				87B5005D1F676C310055FC47 /* SineUITests.swift */,
				87B5005F1F676C310055FC47 /* Info.plist */,
			);
			path = SineUITests;
			sourceTree = "<group>";
		};
/* End PBXGroup section */

/* Begin PBXNativeTarget section */
		87B500331F676C310055FC47 /* Sine */ = {
			isa = PBXNativeTarget;
			buildConfigurationList = 87B500621F676C310055FC47 /* Build configuration list for PBXNativeTarget "Sine" */;
			buildPhases = (
				87B500301F676C310055FC47 /* Sources */,
				87B500311F676C310055FC47 /* Frameworks */,
				87B500321F676C310055FC47 /* Resources */,
			);
			buildRules = (
			);
			dependencies = (
			);
			name = Sine;
			productName = Sine;
			productReference = 87B500341F676C310055FC47 /* Sine.app */;
			productType = "com.apple.product-type.application";
		};
		87B5004D1F676C310055FC47 /* SineTests */ = {
			isa = PBXNativeTarget;
			buildConfigurationList = 87B500651F676C310055FC47 /* Build configuration list for PBXNativeTarget "SineTests" */;
			buildPhases = (
				87B5004A1F676C310055FC47 /* Sources */,
				87B5004B1F676C310055FC47 /* Frameworks */,
				87B5004C1F676C310055FC47 /* Resources */,
			);
			buildRules = (
			);
			dependencies = (
				87B500501F676C310055FC47 /* PBXTargetDependency */,
			);
			name = SineTests;
			productName = SineTests;
			productReference = 87B5004E1F676C310055FC47 /* SineTests.xctest */;
			productType = "com.apple.product-type.bundle.unit-test";
		};
		87B500581F676C310055FC47 /* SineUITests */ = {
			isa = PBXNativeTarget;
			buildConfigurationList = 87B500681F676C310055FC47 /* Build configuration list for PBXNativeTarget "SineUITests" */;
			buildPhases = (
				87B500551F676C310055FC47 /* Sources */,
				87B500561F676C310055FC47 /* Frameworks */,
				87B500571F676C310055FC47 /* Resources */,
			);
			buildRules = (
			);
			dependencies = (
				87B5005B1F676C310055FC47 /* PBXTargetDependency */,
			);
			name = SineUITests;
			productName = SineUITests;
			productReference = 87B500591F676C310055FC47 /* SineUITests.xctest */;
			productType = "com.apple.product-type.bundle.ui-testing";
		};
/* End PBXNativeTarget section */

/* Begin PBXProject section */
		87B5002C1F676C310055FC47 /* Project object */ = {
			isa = PBXProject;
			attributes = {
				LastSwiftUpdateCheck = 0830;
				LastUpgradeCheck = 0830;
				ORGANIZATIONNAME = "Stephen Scott";
				TargetAttributes = {
					87B500331F676C310055FC47 = {
						CreatedOnToolsVersion = 8.3.3;
						ProvisioningStyle = Automatic;
					};
					87B5004D1F676C310055FC47 = {
						CreatedOnToolsVersion = 8.3.3;
						ProvisioningStyle = Automatic;
						TestTargetID = 87B500331F676C310055FC47;
					};
					87B500581F676C310055FC47 = {
						CreatedOnToolsVersion = 8.3.3;
						ProvisioningStyle = Automatic;
						TestTargetID = 87B500331F676C310055FC47;
					};
				};
			};
			buildConfigurationList = 87B5002F1F676C310055FC47 /* Build configuration list for PBXProject "Sine" */;
			compatibilityVersion = "Xcode 3.2";
			developmentRegion = English;
			hasScannedForEncodings = 0;
			knownRegions = (
				en,
				Base,
			);
			mainGroup = 87B5002B1F676C310055FC47;
			productRefGroup = 87B500351F676C310055FC47 /* Products */;
			projectDirPath = "";
			projectRoot = "";
			targets = (
				87B500331F676C310055FC47 /* Sine */,
				87B5004D1F676C310055FC47 /* SineTests */,
				87B500581F676C310055FC47 /* SineUITests */,
			);
		};
/* End PBXProject section */

/* Begin PBXResourcesBuildPhase section */
		87B500321F676C310055FC47 /* Resources */ = {
			isa = PBXResourcesBuildPhase;
			buildActionMask = 2147483647;
			files = (
				87B500431F676C310055FC47 /* Main.storyboard in Resources */,
				87B5003A1F676C310055FC47 /* GameScene.sks in Resources */,
				87B500451F676C310055FC47 /* Assets.xcassets in Resources */,
				87B500481F676C310055FC47 /* LaunchScreen.storyboard in Resources */,
				87B5003C1F676C310055FC47 /* Actions.sks in Resources */,
			);
			runOnlyForDeploymentPostprocessing = 0;
		};
		87B5004C1F676C310055FC47 /* Resources */ = {
			isa = PBXResourcesBuildPhase;
			buildActionMask = 2147483647;
			files = (
			);
			runOnlyForDeploymentPostprocessing = 0;
		};
		87B500571F676C310055FC47 /* Resources */ = {
			isa = PBXResourcesBuildPhase;
			buildActionMask = 2147483647;
			files = (
			);
			runOnlyForDeploymentPostprocessing = 0;
		};
/* End PBXResourcesBuildPhase section */

/* Begin PBXSourcesBuildPhase section */
		87B500301F676C310055FC47 /* Sources */ = {
			isa = PBXSourcesBuildPhase;
			buildActionMask = 2147483647;
			files = (
				87B5003E1F676C310055FC47 /* GameScene.swift in Sources */,
				87B500401F676C310055FC47 /* GameViewController.swift in Sources */,
				87B500381F676C310055FC47 /* AppDelegate.swift in Sources */,
			);
			runOnlyForDeploymentPostprocessing = 0;
		};
		87B5004A1F676C310055FC47 /* Sources */ = {
			isa = PBXSourcesBuildPhase;
			buildActionMask = 2147483647;
			files = (
				87B500531F676C310055FC47 /* SineTests.swift in Sources */,
			);
			runOnlyForDeploymentPostprocessing = 0;
		};
		87B500551F676C310055FC47 /* Sources */ = {
			isa = PBXSourcesBuildPhase;
			buildActionMask = 2147483647;
			files = (
				87B5005E1F676C310055FC47 /* SineUITests.swift in Sources */,
			);
			runOnlyForDeploymentPostprocessing = 0;
		};
/* End PBXSourcesBuildPhase section */

/* Begin PBXTargetDependency section */
		87B500501F676C310055FC47 /* PBXTargetDependency */ = {
			isa = PBXTargetDependency;
			target = 87B500331F676C310055FC47 /* Sine */;
			targetProxy = 87B5004F1F676C310055FC47 /* PBXContainerItemProxy */;
		};
		87B5005B1F676C310055FC47 /* PBXTargetDependency */ = {
			isa = PBXTargetDependency;
			target = 87B500331F676C310055FC47 /* Sine */;
			targetProxy = 87B5005A1F676C310055FC47 /* PBXContainerItemProxy */;
		};
/* End PBXTargetDependency section */

/* Begin PBXVariantGroup section */
		87B500411F676C310055FC47 /* Main.storyboard */ = {
			isa = PBXVariantGroup;
			children = (
				87B500421F676C310055FC47 /* Base */,
			);
			name = Main.storyboard;
			sourceTree = "<group>";
		};
		87B500461F676C310055FC47 /* LaunchScreen.storyboard */ = {
			isa = PBXVariantGroup;
			children = (
				87B500471F676C310055FC47 /* Base */,
			);
			name = LaunchScreen.storyboard;
			sourceTree = "<group>";
		};
/* End PBXVariantGroup section */

/* Begin XCBuildConfiguration section */
		87B500601F676C310055FC47 /* Debug */ = {
			isa = XCBuildConfiguration;
			buildSettings = {
				ALWAYS_SEARCH_USER_PATHS = NO;
				CLANG_ANALYZER_NONNULL = YES;
				CLANG_ANALYZER_NUMBER_OBJECT_CONVERSION = YES_AGGRESSIVE;
				CLANG_CXX_LANGUAGE_STANDARD = "gnu++0x";
				CLANG_CXX_LIBRARY = "libc++";
				CLANG_ENABLE_MODULES = YES;
				CLANG_ENABLE_OBJC_ARC = YES;
				CLANG_WARN_BOOL_CONVERSION = YES;
				CLANG_WARN_CONSTANT_CONVERSION = YES;
				CLANG_WARN_DIRECT_OBJC_ISA_USAGE = YES_ERROR;
				CLANG_WARN_DOCUMENTATION_COMMENTS = YES;
				CLANG_WARN_EMPTY_BODY = YES;
				CLANG_WARN_ENUM_CONVERSION = YES;
				CLANG_WARN_INFINITE_RECURSION = YES;
				CLANG_WARN_INT_CONVERSION = YES;
				CLANG_WARN_OBJC_ROOT_CLASS = YES_ERROR;
				CLANG_WARN_SUSPICIOUS_MOVE = YES;
				CLANG_WARN_UNREACHABLE_CODE = YES;
				CLANG_WARN__DUPLICATE_METHOD_MATCH = YES;
				"CODE_SIGN_IDENTITY[sdk=iphoneos*]" = "iPhone Developer";
				COPY_PHASE_STRIP = NO;
				DEBUG_INFORMATION_FORMAT = dwarf;
				ENABLE_STRICT_OBJC_MSGSEND = YES;
				ENABLE_TESTABILITY = YES;
				GCC_C_LANGUAGE_STANDARD = gnu99;
				GCC_DYNAMIC_NO_PIC = NO;
				GCC_NO_COMMON_BLOCKS = YES;
				GCC_OPTIMIZATION_LEVEL = 0;
				GCC_PREPROCESSOR_DEFINITIONS = (
					"DEBUG=1",
					"$(inherited)",
				);
				GCC_WARN_64_TO_32_BIT_CONVERSION = YES;
				GCC_WARN_ABOUT_RETURN_TYPE = YES_ERROR;
				GCC_WARN_UNDECLARED_SELECTOR = YES;
				GCC_WARN_UNINITIALIZED_AUTOS = YES_AGGRESSIVE;
				GCC_WARN_UNUSED_FUNCTION = YES;
				GCC_WARN_UNUSED_VARIABLE = YES;
				IPHONEOS_DEPLOYMENT_TARGET = 10.3;
				MTL_ENABLE_DEBUG_INFO = YES;
				ONLY_ACTIVE_ARCH = YES;
				SDKROOT = iphoneos;
				SWIFT_ACTIVE_COMPILATION_CONDITIONS = DEBUG;
				SWIFT_OPTIMIZATION_LEVEL = "-Onone";
				TARGETED_DEVICE_FAMILY = "1,2";
			};
			name = Debug;
		};
		87B500611F676C310055FC47 /* Release */ = {
			isa = XCBuildConfiguration;
			buildSettings = {
				ALWAYS_SEARCH_USER_PATHS = NO;
				CLANG_ANALYZER_NONNULL = YES;
				CLANG_ANALYZER_NUMBER_OBJECT_CONVERSION = YES_AGGRESSIVE;
				CLANG_CXX_LANGUAGE_STANDARD = "gnu++0x";
				CLANG_CXX_LIBRARY = "libc++";
				CLANG_ENABLE_MODULES = YES;
				CLANG_ENABLE_OBJC_ARC = YES;
				CLANG_WARN_BOOL_CONVERSION = YES;
				CLANG_WARN_CONSTANT_CONVERSION = YES;
				CLANG_WARN_DIRECT_OBJC_ISA_USAGE = YES_ERROR;
				CLANG_WARN_DOCUMENTATION_COMMENTS = YES;
				CLANG_WARN_EMPTY_BODY = YES;
				CLANG_WARN_ENUM_CONVERSION = YES;
				CLANG_WARN_INFINITE_RECURSION = YES;
				CLANG_WARN_INT_CONVERSION = YES;
				CLANG_WARN_OBJC_ROOT_CLASS = YES_ERROR;
				CLANG_WARN_SUSPICIOUS_MOVE = YES;
				CLANG_WARN_UNREACHABLE_CODE = YES;
				CLANG_WARN__DUPLICATE_METHOD_MATCH = YES;
				"CODE_SIGN_IDENTITY[sdk=iphoneos*]" = "iPhone Developer";
				COPY_PHASE_STRIP = NO;
				DEBUG_INFORMATION_FORMAT = "dwarf-with-dsym";
				ENABLE_NS_ASSERTIONS = NO;
				ENABLE_STRICT_OBJC_MSGSEND = YES;
				GCC_C_LANGUAGE_STANDARD = gnu99;
				GCC_NO_COMMON_BLOCKS = YES;
				GCC_WARN_64_TO_32_BIT_CONVERSION = YES;
				GCC_WARN_ABOUT_RETURN_TYPE = YES_ERROR;
				GCC_WARN_UNDECLARED_SELECTOR = YES;
				GCC_WARN_UNINITIALIZED_AUTOS = YES_AGGRESSIVE;
				GCC_WARN_UNUSED_FUNCTION = YES;
				GCC_WARN_UNUSED_VARIABLE = YES;
				IPHONEOS_DEPLOYMENT_TARGET = 10.3;
				MTL_ENABLE_DEBUG_INFO = NO;
				SDKROOT = iphoneos;
				SWIFT_OPTIMIZATION_LEVEL = "-Owholemodule";
				TARGETED_DEVICE_FAMILY = "1,2";
				VALIDATE_PRODUCT = YES;
			};
			name = Release;
		};
		87B500631F676C310055FC47 /* Debug */ = {
			isa = XCBuildConfiguration;
			buildSettings = {
				ASSETCATALOG_COMPILER_APPICON_NAME = AppIcon;
				INFOPLIST_FILE = Sine/Info.plist;
				LD_RUNPATH_SEARCH_PATHS = "$(inherited) @executable_path/Frameworks";
				PRODUCT_BUNDLE_IDENTIFIER = com.suchipi.Sine;
				PRODUCT_NAME = "$(TARGET_NAME)";
				SWIFT_VERSION = 3.0;
			};
			name = Debug;
		};
		87B500641F676C310055FC47 /* Release */ = {
			isa = XCBuildConfiguration;
			buildSettings = {
				ASSETCATALOG_COMPILER_APPICON_NAME = AppIcon;
				INFOPLIST_FILE = Sine/Info.plist;
				LD_RUNPATH_SEARCH_PATHS = "$(inherited) @executable_path/Frameworks";
				PRODUCT_BUNDLE_IDENTIFIER = com.suchipi.Sine;
				PRODUCT_NAME = "$(TARGET_NAME)";
				SWIFT_VERSION = 3.0;
			};
			name = Release;
		};
		87B500661F676C310055FC47 /* Debug */ = {
			isa = XCBuildConfiguration;
			buildSettings = {
				ALWAYS_EMBED_SWIFT_STANDARD_LIBRARIES = YES;
				BUNDLE_LOADER = "$(TEST_HOST)";
				INFOPLIST_FILE = SineTests/Info.plist;
				LD_RUNPATH_SEARCH_PATHS = "$(inherited) @executable_path/Frameworks @loader_path/Frameworks";
				PRODUCT_BUNDLE_IDENTIFIER = com.suchipi.SineTests;
				PRODUCT_NAME = "$(TARGET_NAME)";
				SWIFT_VERSION = 3.0;
				TEST_HOST = "$(BUILT_PRODUCTS_DIR)/Sine.app/Sine";
			};
			name = Debug;
		};
		87B500671F676C310055FC47 /* Release */ = {
			isa = XCBuildConfiguration;
			buildSettings = {
				ALWAYS_EMBED_SWIFT_STANDARD_LIBRARIES = YES;
				BUNDLE_LOADER = "$(TEST_HOST)";
				INFOPLIST_FILE = SineTests/Info.plist;
				LD_RUNPATH_SEARCH_PATHS = "$(inherited) @executable_path/Frameworks @loader_path/Frameworks";
				PRODUCT_BUNDLE_IDENTIFIER = com.suchipi.SineTests;
				PRODUCT_NAME = "$(TARGET_NAME)";
				SWIFT_VERSION = 3.0;
				TEST_HOST = "$(BUILT_PRODUCTS_DIR)/Sine.app/Sine";
			};
			name = Release;
		};
		87B500691F676C310055FC47 /* Debug */ = {
			isa = XCBuildConfiguration;
			buildSettings = {
				ALWAYS_EMBED_SWIFT_STANDARD_LIBRARIES = YES;
				INFOPLIST_FILE = SineUITests/Info.plist;
				LD_RUNPATH_SEARCH_PATHS = "$(inherited) @executable_path/Frameworks @loader_path/Frameworks";
				PRODUCT_BUNDLE_IDENTIFIER = com.suchipi.SineUITests;
				PRODUCT_NAME = "$(TARGET_NAME)";
				SWIFT_VERSION = 3.0;
				TEST_TARGET_NAME = Sine;
			};
			name = Debug;
		};
		87B5006A1F676C310055FC47 /* Release */ = {
			isa = XCBuildConfiguration;
			buildSettings = {
				ALWAYS_EMBED_SWIFT_STANDARD_LIBRARIES = YES;
				INFOPLIST_FILE = SineUITests/Info.plist;
				LD_RUNPATH_SEARCH_PATHS = "$(inherited) @executable_path/Frameworks @loader_path/Frameworks";
				PRODUCT_BUNDLE_IDENTIFIER = com.suchipi.SineUITests;
				PRODUCT_NAME = "$(TARGET_NAME)";
				SWIFT_VERSION = 3.0;
				TEST_TARGET_NAME = Sine;
			};
			name = Release;
		};
/* End XCBuildConfiguration section */

/* Begin XCConfigurationList section */
		87B5002F1F676C310055FC47 /* Build configuration list for PBXProject "Sine" */ = {
			isa = XCConfigurationList;
			buildConfigurations = (
				87B500601F676C310055FC47 /* Debug */,
				87B500611F676C310055FC47 /* Release */,
			);
			defaultConfigurationIsVisible = 0;
			defaultConfigurationName = Release;
		};
		87B500621F676C310055FC47 /* Build configuration list for PBXNativeTarget "Sine" */ = {
			isa = XCConfigurationList;
			buildConfigurations = (
				87B500631F676C310055FC47 /* Debug */,
				87B500641F676C310055FC47 /* Release */,
			);
			defaultConfigurationIsVisible = 0;
		};
		87B500651F676C310055FC47 /* Build configuration list for PBXNativeTarget "SineTests" */ = {
			isa = XCConfigurationList;
			buildConfigurations = (
				87B500661F676C310055FC47 /* Debug */,
				87B500671F676C310055FC47 /* Release */,
			);
			defaultConfigurationIsVisible = 0;
		};
		87B500681F676C310055FC47 /* Build configuration list for PBXNativeTarget "SineUITests" */ = {
			isa = XCConfigurationList;
			buildConfigurations = (
				87B500691F676C310055FC47 /* Debug */,
				87B5006A1F676C310055FC47 /* Release */,
			);
			defaultConfigurationIsVisible = 0;
		};
/* End XCConfigurationList section */
	};
	rootObject = 87B5002C1F676C310055FC47 /* Project object */;
}
